
Microsoft Visual Studio Solution File, Format Version 12.00
Project("{FAE04EC0-301F-11D3-BF4B-00C04F79EFBC}") = "LGTM", "LGTM\LGTM.csproj", "{D6D6D921-AD0E-4309-83C0-02D4F57CE2CC}"
EndProject
Project("{FAE04EC0-301F-11D3-BF4B-00C04F79EFBC}") = "A-1", "A-1\A-1.csproj", "{FA10790D-4080-43E4-AC26-04B164415C07}"
EndProject
Project("{FAE04EC0-301F-11D3-BF4B-00C04F79EFBC}") = "B-1", "B-1\B-1.csproj", "{D629D6B8-837C-458F-8B7E-351AFE56E805}"
EndProject
Project("{FAE04EC0-301F-11D3-BF4B-00C04F79EFBC}") = "B-2", "B-2\B-2.csproj", "{FB02D406-0CAB-4DA2-AC59-A230E4374493}"
EndProject
Global
	GlobalSection(SolutionConfigurationPlatforms) = preSolution
		Debug|Any CPU = Debug|Any CPU
		Release|Any CPU = Release|Any CPU
	EndGlobalSection
	GlobalSection(ProjectConfigurationPlatforms) = postSolution
		{D6D6D921-AD0E-4309-83C0-02D4F57CE2CC}.Debug|Any CPU.ActiveCfg = Debug|Any CPU
		{D6D6D921-AD0E-4309-83C0-02D4F57CE2CC}.Debug|Any CPU.Build.0 = Debug|Any CPU
		{D6D6D921-AD0E-4309-83C0-02D4F57CE2CC}.Release|Any CPU.ActiveCfg = Release|Any CPU
		{D6D6D921-AD0E-4309-83C0-02D4F57CE2CC}.Release|Any CPU.Build.0 = Release|Any CPU
		{FA10790D-4080-43E4-AC26-04B164415C07}.Debug|Any CPU.ActiveCfg = Debug|Any CPU
		{FA10790D-4080-43E4-AC26-04B164415C07}.Debug|Any CPU.Build.0 = Debug|Any CPU
		{FA10790D-4080-43E4-AC26-04B164415C07}.Release|Any CPU.ActiveCfg = Release|Any CPU
		{FA10790D-4080-43E4-AC26-04B164415C07}.Release|Any CPU.Build.0 = Release|Any CPU
		{D629D6B8-837C-458F-8B7E-351AFE56E805}.Debug|Any CPU.ActiveCfg = Debug|Any CPU
		{D629D6B8-837C-458F-8B7E-351AFE56E805}.Debug|Any CPU.Build.0 = Debug|Any CPU
		{D629D6B8-837C-458F-8B7E-351AFE56E805}.Release|Any CPU.ActiveCfg = Release|Any CPU
		{D629D6B8-837C-458F-8B7E-351AFE56E805}.Release|Any CPU.Build.0 = Release|Any CPU
		{FB02D406-0CAB-4DA2-AC59-A230E4374493}.Debug|Any CPU.ActiveCfg = Debug|Any CPU
		{FB02D406-0CAB-4DA2-AC59-A230E4374493}.Debug|Any CPU.Build.0 = Debug|Any CPU
		{FB02D406-0CAB-4DA2-AC59-A230E4374493}.Release|Any CPU.ActiveCfg = Release|Any CPU
		{FB02D406-0CAB-4DA2-AC59-A230E4374493}.Release|Any CPU.Build.0 = Release|Any CPU
	EndGlobalSection
EndGlobal
